// !$*UTF8*$!
{
	archiveVersion = 1;
	classes = {
	};
	objectVersion = 50;
	objects = {

/* Begin PBXBuildFile section */
		A005C145227C0C56001F43F7 /* AppDelegate.swift in Sources */ = {isa = PBXBuildFile; fileRef = A005C144227C0C56001F43F7 /* AppDelegate.swift */; };
		A005C147227C0C56001F43F7 /* ViewController.swift in Sources */ = {isa = PBXBuildFile; fileRef = A005C146227C0C56001F43F7 /* ViewController.swift */; };
		A005C14A227C0C56001F43F7 /* Main.storyboard in Resources */ = {isa = PBXBuildFile; fileRef = A005C148227C0C56001F43F7 /* Main.storyboard */; };
		A005C14C227C0C57001F43F7 /* Assets.xcassets in Resources */ = {isa = PBXBuildFile; fileRef = A005C14B227C0C57001F43F7 /* Assets.xcassets */; };
		A005C14F227C0C57001F43F7 /* LaunchScreen.storyboard in Resources */ = {isa = PBXBuildFile; fileRef = A005C14D227C0C57001F43F7 /* LaunchScreen.storyboard */; };
		A005C15B227C0DC7001F43F7 /* RxCocoa.framework in Frameworks */ = {isa = PBXBuildFile; fileRef = A005C157227C0DC7001F43F7 /* RxCocoa.framework */; };
		A005C15C227C0DC7001F43F7 /* RxRelay.framework in Frameworks */ = {isa = PBXBuildFile; fileRef = A005C158227C0DC7001F43F7 /* RxRelay.framework */; };
		A005C15D227C0DC7001F43F7 /* RxBlocking.framework in Frameworks */ = {isa = PBXBuildFile; fileRef = A005C159227C0DC7001F43F7 /* RxBlocking.framework */; };
		A005C15E227C0DC7001F43F7 /* RxSwift.framework in Frameworks */ = {isa = PBXBuildFile; fileRef = A005C15A227C0DC7001F43F7 /* RxSwift.framework */; };
/* End PBXBuildFile section */

/* Begin PBXFileReference section */
		A005C141227C0C56001F43F7 /* RXSample.app */ = {isa = PBXFileReference; explicitFileType = wrapper.application; includeInIndex = 0; path = RXSample.app; sourceTree = BUILT_PRODUCTS_DIR; };
		A005C144227C0C56001F43F7 /* AppDelegate.swift */ = {isa = PBXFileReference; lastKnownFileType = sourcecode.swift; path = AppDelegate.swift; sourceTree = "<group>"; };
		A005C146227C0C56001F43F7 /* ViewController.swift */ = {isa = PBXFileReference; lastKnownFileType = sourcecode.swift; path = ViewController.swift; sourceTree = "<group>"; };
		A005C149227C0C56001F43F7 /* Base */ = {isa = PBXFileReference; lastKnownFileType = file.storyboard; name = Base; path = Base.lproj/Main.storyboard; sourceTree = "<group>"; };
		A005C14B227C0C57001F43F7 /* Assets.xcassets */ = {isa = PBXFileReference; lastKnownFileType = folder.assetcatalog; path = Assets.xcassets; sourceTree = "<group>"; };
		A005C14E227C0C57001F43F7 /* Base */ = {isa = PBXFileReference; lastKnownFileType = file.storyboard; name = Base; path = Base.lproj/LaunchScreen.storyboard; sourceTree = "<group>"; };
		A005C150227C0C57001F43F7 /* Info.plist */ = {isa = PBXFileReference; lastKnownFileType = text.plist.xml; path = Info.plist; sourceTree = "<group>"; };
		A005C157227C0DC7001F43F7 /* RxCocoa.framework */ = {isa = PBXFileReference; lastKnownFileType = wrapper.framework; name = RxCocoa.framework; path = Carthage/Build/iOS/RxCocoa.framework; sourceTree = "<group>"; };
		A005C158227C0DC7001F43F7 /* RxRelay.framework */ = {isa = PBXFileReference; lastKnownFileType = wrapper.framework; name = RxRelay.framework; path = Carthage/Build/iOS/RxRelay.framework; sourceTree = "<group>"; };
		A005C159227C0DC7001F43F7 /* RxBlocking.framework */ = {isa = PBXFileReference; lastKnownFileType = wrapper.framework; name = RxBlocking.framework; path = Carthage/Build/iOS/RxBlocking.framework; sourceTree = "<group>"; };
		A005C15A227C0DC7001F43F7 /* RxSwift.framework */ = {isa = PBXFileReference; lastKnownFileType = wrapper.framework; name = RxSwift.framework; path = Carthage/Build/iOS/RxSwift.framework; sourceTree = "<group>"; };
/* End PBXFileReference section */

/* Begin PBXFrameworksBuildPhase section */
		A005C13E227C0C56001F43F7 /* Frameworks */ = {
			isa = PBXFrameworksBuildPhase;
			buildActionMask = 2147483647;
			files = (
				A005C15B227C0DC7001F43F7 /* RxCocoa.framework in Frameworks */,
				A005C15C227C0DC7001F43F7 /* RxRelay.framework in Frameworks */,
				A005C15D227C0DC7001F43F7 /* RxBlocking.framework in Frameworks */,
				A005C15E227C0DC7001F43F7 /* RxSwift.framework in Frameworks */,
			);
			runOnlyForDeploymentPostprocessing = 0;
		};
/* End PBXFrameworksBuildPhase section */

/* Begin PBXGroup section */
		A005C138227C0C56001F43F7 = {
			isa = PBXGroup;
			children = (
				A005C143227C0C56001F43F7 /* RXSample */,
				A005C142227C0C56001F43F7 /* Products */,
				A005C156227C0DC7001F43F7 /* Frameworks */,
			);
			sourceTree = "<group>";
		};
		A005C142227C0C56001F43F7 /* Products */ = {
			isa = PBXGroup;
			children = (
				A005C141227C0C56001F43F7 /* RXSample.app */,
			);
			name = Products;
			sourceTree = "<group>";
		};
		A005C143227C0C56001F43F7 /* RXSample */ = {
			isa = PBXGroup;
			children = (
				A005C144227C0C56001F43F7 /* AppDelegate.swift */,
				A005C146227C0C56001F43F7 /* ViewController.swift */,
				A005C148227C0C56001F43F7 /* Main.storyboard */,
				A005C14B227C0C57001F43F7 /* Assets.xcassets */,
				A005C14D227C0C57001F43F7 /* LaunchScreen.storyboard */,
				A005C150227C0C57001F43F7 /* Info.plist */,
			);
			path = RXSample;
			sourceTree = "<group>";
		};
		A005C156227C0DC7001F43F7 /* Frameworks */ = {
			isa = PBXGroup;
			children = (
				A005C159227C0DC7001F43F7 /* RxBlocking.framework */,
				A005C157227C0DC7001F43F7 /* RxCocoa.framework */,
				A005C158227C0DC7001F43F7 /* RxRelay.framework */,
				A005C15A227C0DC7001F43F7 /* RxSwift.framework */,
			);
			name = Frameworks;
			sourceTree = "<group>";
		};
/* End PBXGroup section */

/* Begin PBXNativeTarget section */
		A005C140227C0C56001F43F7 /* RXSample */ = {
			isa = PBXNativeTarget;
			buildConfigurationList = A005C153227C0C57001F43F7 /* Build configuration list for PBXNativeTarget "RXSample" */;
			buildPhases = (
				A005C13D227C0C56001F43F7 /* Sources */,
				A005C13E227C0C56001F43F7 /* Frameworks */,
				A005C13F227C0C56001F43F7 /* Resources */,
				A005C15F227C0E58001F43F7 /* Carthage Run Script */,
			);
			buildRules = (
			);
			dependencies = (
			);
			name = RXSample;
			productName = RXSample;
			productReference = A005C141227C0C56001F43F7 /* RXSample.app */;
			productType = "com.apple.product-type.application";
		};
/* End PBXNativeTarget section */

/* Begin PBXProject section */
		A005C139227C0C56001F43F7 /* Project object */ = {
			isa = PBXProject;
			attributes = {
				LastSwiftUpdateCheck = 1020;
				LastUpgradeCheck = 1020;
				ORGANIZATIONNAME = nice;
				TargetAttributes = {
					A005C140227C0C56001F43F7 = {
						CreatedOnToolsVersion = 10.2.1;
					};
				};
			};
			buildConfigurationList = A005C13C227C0C56001F43F7 /* Build configuration list for PBXProject "RXSample" */;
			compatibilityVersion = "Xcode 9.3";
			developmentRegion = en;
			hasScannedForEncodings = 0;
			knownRegions = (
				en,
				Base,
			);
			mainGroup = A005C138227C0C56001F43F7;
			productRefGroup = A005C142227C0C56001F43F7 /* Products */;
			projectDirPath = "";
			projectRoot = "";
			targets = (
				A005C140227C0C56001F43F7 /* RXSample */,
			);
		};
/* End PBXProject section */

/* Begin PBXResourcesBuildPhase section */
		A005C13F227C0C56001F43F7 /* Resources */ = {
			isa = PBXResourcesBuildPhase;
			buildActionMask = 2147483647;
			files = (
				A005C14F227C0C57001F43F7 /* LaunchScreen.storyboard in Resources */,
				A005C14C227C0C57001F43F7 /* Assets.xcassets in Resources */,
				A005C14A227C0C56001F43F7 /* Main.storyboard in Resources */,
			);
			runOnlyForDeploymentPostprocessing = 0;
		};
/* End PBXResourcesBuildPhase section */

/* Begin PBXShellScriptBuildPhase section */
		A005C15F227C0E58001F43F7 /* Carthage Run Script */ = {
			isa = PBXShellScriptBuildPhase;
			buildActionMask = 2147483647;
			files = (
			);
			inputFileListPaths = (
			);
			inputPaths = (
				"$(SRCROOT)/Carthage/Build/iOS/RxCocoa.framework",
				"$(SRCROOT)/Carthage/Build/iOS/RxRelay.framework",
				"$(SRCROOT)/Carthage/Build/iOS/RxBlocking.framework",
				"$(SRCROOT)/Carthage/Build/iOS/RxSwift.framework",
			);
			name = "Carthage Run Script";
			outputFileListPaths = (
			);
			outputPaths = (
			);
			runOnlyForDeploymentPostprocessing = 0;
			shellPath = /bin/sh;
			shellScript = "/usr/local/bin/carthage copy-frameworks\n";
		};
/* End PBXShellScriptBuildPhase section */

/* Begin PBXSourcesBuildPhase section */
		A005C13D227C0C56001F43F7 /* Sources */ = {
			isa = PBXSourcesBuildPhase;
			buildActionMask = 2147483647;
			files = (
				A005C147227C0C56001F43F7 /* ViewController.swift in Sources */,
				A005C145227C0C56001F43F7 /* AppDelegate.swift in Sources */,
			);
			runOnlyForDeploymentPostprocessing = 0;
		};
/* End PBXSourcesBuildPhase section */

/* Begin PBXVariantGroup section */
		A005C148227C0C56001F43F7 /* Main.storyboard */ = {
			isa = PBXVariantGroup;
			children = (
				A005C149227C0C56001F43F7 /* Base */,
			);
			name = Main.storyboard;
			sourceTree = "<group>";
		};
		A005C14D227C0C57001F43F7 /* LaunchScreen.storyboard */ = {
			isa = PBXVariantGroup;
			children = (
				A005C14E227C0C57001F43F7 /* Base */,
			);
			name = LaunchScreen.storyboard;
			sourceTree = "<group>";
		};
/* End PBXVariantGroup section */

/* Begin XCBuildConfiguration section */
		A005C151227C0C57001F43F7 /* Debug */ = {
			isa = XCBuildConfiguration;
			buildSettings = {
				ALWAYS_SEARCH_USER_PATHS = NO;
				CLANG_ANALYZER_NONNULL = YES;
				CLANG_ANALYZER_NUMBER_OBJECT_CONVERSION = YES_AGGRESSIVE;
				CLANG_CXX_LANGUAGE_STANDARD = "gnu++14";
				CLANG_CXX_LIBRARY = "libc++";
				CLANG_ENABLE_MODULES = YES;
				CLANG_ENABLE_OBJC_ARC = YES;
				CLANG_ENABLE_OBJC_WEAK = YES;
				CLANG_WARN_BLOCK_CAPTURE_AUTORELEASING = YES;
				CLANG_WARN_BOOL_CONVERSION = YES;
				CLANG_WARN_COMMA = YES;
				CLANG_WARN_CONSTANT_CONVERSION = YES;
				CLANG_WARN_DEPRECATED_OBJC_IMPLEMENTATIONS = YES;
				CLANG_WARN_DIRECT_OBJC_ISA_USAGE = YES_ERROR;
				CLANG_WARN_DOCUMENTATION_COMMENTS = YES;
				CLANG_WARN_EMPTY_BODY = YES;
				CLANG_WARN_ENUM_CONVERSION = YES;
				CLANG_WARN_INFINITE_RECURSION = YES;
				CLANG_WARN_INT_CONVERSION = YES;
				CLANG_WARN_NON_LITERAL_NULL_CONVERSION = YES;
				CLANG_WARN_OBJC_IMPLICIT_RETAIN_SELF = YES;
				CLANG_WARN_OBJC_LITERAL_CONVERSION = YES;
				CLANG_WARN_OBJC_ROOT_CLASS = YES_ERROR;
				CLANG_WARN_RANGE_LOOP_ANALYSIS = YES;
				CLANG_WARN_STRICT_PROTOTYPES = YES;
				CLANG_WARN_SUSPICIOUS_MOVE = YES;
				CLANG_WARN_UNGUARDED_AVAILABILITY = YES_AGGRESSIVE;
				CLANG_WARN_UNREACHABLE_CODE = YES;
				CLANG_WARN__DUPLICATE_METHOD_MATCH = YES;
				CODE_SIGN_IDENTITY = "iPhone Developer";
				COPY_PHASE_STRIP = NO;
				DEBUG_INFORMATION_FORMAT = dwarf;
				ENABLE_STRICT_OBJC_MSGSEND = YES;
				ENABLE_TESTABILITY = YES;
				GCC_C_LANGUAGE_STANDARD = gnu11;
				GCC_DYNAMIC_NO_PIC = NO;
				GCC_NO_COMMON_BLOCKS = YES;
				GCC_OPTIMIZATION_LEVEL = 0;
				GCC_PREPROCESSOR_DEFINITIONS = (
					"DEBUG=1",
					"$(inherited)",
				);
				GCC_WARN_64_TO_32_BIT_CONVERSION = YES;
				GCC_WARN_ABOUT_RETURN_TYPE = YES_ERROR;
				GCC_WARN_UNDECLARED_SELECTOR = YES;
				GCC_WARN_UNINITIALIZED_AUTOS = YES_AGGRESSIVE;
				GCC_WARN_UNUSED_FUNCTION = YES;
				GCC_WARN_UNUSED_VARIABLE = YES;
				IPHONEOS_DEPLOYMENT_TARGET = 12.2;
				MTL_ENABLE_DEBUG_INFO = INCLUDE_SOURCE;
				MTL_FAST_MATH = YES;
				ONLY_ACTIVE_ARCH = YES;
				SDKROOT = iphoneos;
				SWIFT_ACTIVE_COMPILATION_CONDITIONS = DEBUG;
				SWIFT_OPTIMIZATION_LEVEL = "-Onone";
			};
			name = Debug;
		};
		A005C152227C0C57001F43F7 /* Release */ = {
			isa = XCBuildConfiguration;
			buildSettings = {
				ALWAYS_SEARCH_USER_PATHS = NO;
				CLANG_ANALYZER_NONNULL = YES;
				CLANG_ANALYZER_NUMBER_OBJECT_CONVERSION = YES_AGGRESSIVE;
				CLANG_CXX_LANGUAGE_STANDARD = "gnu++14";
				CLANG_CXX_LIBRARY = "libc++";
				CLANG_ENABLE_MODULES = YES;
				CLANG_ENABLE_OBJC_ARC = YES;
				CLANG_ENABLE_OBJC_WEAK = YES;
				CLANG_WARN_BLOCK_CAPTURE_AUTORELEASING = YES;
				CLANG_WARN_BOOL_CONVERSION = YES;
				CLANG_WARN_COMMA = YES;
				CLANG_WARN_CONSTANT_CONVERSION = YES;
				CLANG_WARN_DEPRECATED_OBJC_IMPLEMENTATIONS = YES;
				CLANG_WARN_DIRECT_OBJC_ISA_USAGE = YES_ERROR;
				CLANG_WARN_DOCUMENTATION_COMMENTS = YES;
				CLANG_WARN_EMPTY_BODY = YES;
				CLANG_WARN_ENUM_CONVERSION = YES;
				CLANG_WARN_INFINITE_RECURSION = YES;
				CLANG_WARN_INT_CONVERSION = YES;
				CLANG_WARN_NON_LITERAL_NULL_CONVERSION = YES;
				CLANG_WARN_OBJC_IMPLICIT_RETAIN_SELF = YES;
				CLANG_WARN_OBJC_LITERAL_CONVERSION = YES;
				CLANG_WARN_OBJC_ROOT_CLASS = YES_ERROR;
				CLANG_WARN_RANGE_LOOP_ANALYSIS = YES;
				CLANG_WARN_STRICT_PROTOTYPES = YES;
				CLANG_WARN_SUSPICIOUS_MOVE = YES;
				CLANG_WARN_UNGUARDED_AVAILABILITY = YES_AGGRESSIVE;
				CLANG_WARN_UNREACHABLE_CODE = YES;
				CLANG_WARN__DUPLICATE_METHOD_MATCH = YES;
				CODE_SIGN_IDENTITY = "iPhone Developer";
				COPY_PHASE_STRIP = NO;
				DEBUG_INFORMATION_FORMAT = "dwarf-with-dsym";
				ENABLE_NS_ASSERTIONS = NO;
				ENABLE_STRICT_OBJC_MSGSEND = YES;
				GCC_C_LANGUAGE_STANDARD = gnu11;
				GCC_NO_COMMON_BLOCKS = YES;
				GCC_WARN_64_TO_32_BIT_CONVERSION = YES;
				GCC_WARN_ABOUT_RETURN_TYPE = YES_ERROR;
				GCC_WARN_UNDECLARED_SELECTOR = YES;
				GCC_WARN_UNINITIALIZED_AUTOS = YES_AGGRESSIVE;
				GCC_WARN_UNUSED_FUNCTION = YES;
				GCC_WARN_UNUSED_VARIABLE = YES;
				IPHONEOS_DEPLOYMENT_TARGET = 12.2;
				MTL_ENABLE_DEBUG_INFO = NO;
				MTL_FAST_MATH = YES;
				SDKROOT = iphoneos;
				SWIFT_COMPILATION_MODE = wholemodule;
				SWIFT_OPTIMIZATION_LEVEL = "-O";
				VALIDATE_PRODUCT = YES;
			};
			name = Release;
		};
		A005C154227C0C57001F43F7 /* Debug */ = {
			isa = XCBuildConfiguration;
			buildSettings = {
				ASSETCATALOG_COMPILER_APPICON_NAME = AppIcon;
				CODE_SIGN_STYLE = Automatic;
				DEVELOPMENT_TEAM = 3DZMY3HQGE;
				FRAMEWORK_SEARCH_PATHS = (
					"$(inherited)",
					"$(PROJECT_DIR)/Carthage/Build/iOS",
				);
				INFOPLIST_FILE = RXSample/Info.plist;
				LD_RUNPATH_SEARCH_PATHS = (
					"$(inherited)",
					"@executable_path/Frameworks",
				);
				PRODUCT_BUNDLE_IDENTIFIER = com.nicevan.RXSample;
				PRODUCT_NAME = "$(TARGET_NAME)";
				SWIFT_VERSION = 5.0;
				TARGETED_DEVICE_FAMILY = "1,2";
			};
			name = Debug;
		};
		A005C155227C0C57001F43F7 /* Release */ = {
			isa = XCBuildConfiguration;
			buildSettings = {
				ASSETCATALOG_COMPILER_APPICON_NAME = AppIcon;
				CODE_SIGN_STYLE = Automatic;
				DEVELOPMENT_TEAM = 3DZMY3HQGE;
				FRAMEWORK_SEARCH_PATHS = (
					"$(inherited)",
					"$(PROJECT_DIR)/Carthage/Build/iOS",
				);
				INFOPLIST_FILE = RXSample/Info.plist;
				LD_RUNPATH_SEARCH_PATHS = (
					"$(inherited)",
					"@executable_path/Frameworks",
				);
				PRODUCT_BUNDLE_IDENTIFIER = com.nicevan.RXSample;
				PRODUCT_NAME = "$(TARGET_NAME)";
				SWIFT_VERSION = 5.0;
				TARGETED_DEVICE_FAMILY = "1,2";
			};
			name = Release;
		};
/* End XCBuildConfiguration section */

/* Begin XCConfigurationList section */
		A005C13C227C0C56001F43F7 /* Build configuration list for PBXProject "RXSample" */ = {
			isa = XCConfigurationList;
			buildConfigurations = (
				A005C151227C0C57001F43F7 /* Debug */,
				A005C152227C0C57001F43F7 /* Release */,
			);
			defaultConfigurationIsVisible = 0;
			defaultConfigurationName = Release;
		};
		A005C153227C0C57001F43F7 /* Build configuration list for PBXNativeTarget "RXSample" */ = {
			isa = XCConfigurationList;
			buildConfigurations = (
				A005C154227C0C57001F43F7 /* Debug */,
				A005C155227C0C57001F43F7 /* Release */,
			);
			defaultConfigurationIsVisible = 0;
			defaultConfigurationName = Release;
		};
/* End XCConfigurationList section */
	};
	rootObject = A005C139227C0C56001F43F7 /* Project object */;
}
